
Microsoft Visual Studio Solution File, Format Version 12.00
# Visual Studio 15
Project("{FAE04EC0-301F-11D3-BF4B-00C04F79EFBC}") = "Assembly-CSharp", "Assembly-CSharp.csproj", "{51AEEA94-D34B-D302-F5A3-CD12580A2A4F}"
EndProject
Project("{FAE04EC0-301F-11D3-BF4B-00C04F79EFBC}") = "Assembly-CSharp-Editor", "Assembly-CSharp-Editor.csproj", "{512FDC88-DCE7-BD9A-4B23-2747EBF8C517}"
EndProject
Global
	GlobalSection(SolutionConfigurationPlatforms) = preSolution
		Debug|Any CPU = Debug|Any CPU
		Release|Any CPU = Release|Any CPU
	EndGlobalSection
	GlobalSection(ProjectConfigurationPlatforms) = postSolution
		{51AEEA94-D34B-D302-F5A3-CD12580A2A4F}.Debug|Any CPU.ActiveCfg = Debug|Any CPU
		{51AEEA94-D34B-D302-F5A3-CD12580A2A4F}.Debug|Any CPU.Build.0 = Debug|Any CPU
		{51AEEA94-D34B-D302-F5A3-CD12580A2A4F}.Release|Any CPU.ActiveCfg = Release|Any CPU
		{51AEEA94-D34B-D302-F5A3-CD12580A2A4F}.Release|Any CPU.Build.0 = Release|Any CPU
		{512FDC88-DCE7-BD9A-4B23-2747EBF8C517}.Debug|Any CPU.ActiveCfg = Debug|Any CPU
		{512FDC88-DCE7-BD9A-4B23-2747EBF8C517}.Debug|Any CPU.Build.0 = Debug|Any CPU
		{512FDC88-DCE7-BD9A-4B23-2747EBF8C517}.Release|Any CPU.ActiveCfg = Release|Any CPU
		{512FDC88-DCE7-BD9A-4B23-2747EBF8C517}.Release|Any CPU.Build.0 = Release|Any CPU
	EndGlobalSection
	GlobalSection(SolutionProperties) = preSolution
		HideSolutionNode = FALSE
	EndGlobalSection
EndGlobal
